# This file is automatically @generated by Poetry 1.5.1 and should not be changed by hand.

[[package]]
name = "mypy"
version = "1.1.1"
description = "Optional static typing for Python"
optional = false
python-versions = ">=3.7"
files = [
    {file = "mypy-1.1.1-cp310-cp310-macosx_10_9_x86_64.whl", hash = "sha256:39c7119335be05630611ee798cc982623b9e8f0cff04a0b48dfc26100e0b97af"},
    {file = "mypy-1.1.1-cp310-cp310-macosx_11_0_arm64.whl", hash = "sha256:61bf08362e93b6b12fad3eab68c4ea903a077b87c90ac06c11e3d7a09b56b9c1"},
    {file = "mypy-1.1.1-cp310-cp310-manylinux_2_17_x86_64.manylinux2014_x86_64.whl", hash = "sha256:dbb19c9f662e41e474e0cff502b7064a7edc6764f5262b6cd91d698163196799"},
    {file = "mypy-1.1.1-cp310-cp310-musllinux_1_1_x86_64.whl", hash = "sha256:315ac73cc1cce4771c27d426b7ea558fb4e2836f89cb0296cbe056894e3a1f78"},
    {file = "mypy-1.1.1-cp310-cp310-win_amd64.whl", hash = "sha256:5cb14ff9919b7df3538590fc4d4c49a0f84392237cbf5f7a816b4161c061829e"},
    {file = "mypy-1.1.1-cp311-cp311-macosx_10_9_x86_64.whl", hash = "sha256:26cdd6a22b9b40b2fd71881a8a4f34b4d7914c679f154f43385ca878a8297389"},
    {file = "mypy-1.1.1-cp311-cp311-macosx_11_0_arm64.whl", hash = "sha256:5b5f81b40d94c785f288948c16e1f2da37203c6006546c5d947aab6f90aefef2"},
    {file = "mypy-1.1.1-cp311-cp311-manylinux_2_17_x86_64.manylinux2014_x86_64.whl", hash = "sha256:21b437be1c02712a605591e1ed1d858aba681757a1e55fe678a15c2244cd68a5"},
    {file = "mypy-1.1.1-cp311-cp311-musllinux_1_1_x86_64.whl", hash = "sha256:d809f88734f44a0d44959d795b1e6f64b2bbe0ea4d9cc4776aa588bb4229fc1c"},
    {file = "mypy-1.1.1-cp311-cp311-win_amd64.whl", hash = "sha256:a380c041db500e1410bb5b16b3c1c35e61e773a5c3517926b81dfdab7582be54"},
    {file = "mypy-1.1.1-cp37-cp37m-macosx_10_9_x86_64.whl", hash = "sha256:b7c7b708fe9a871a96626d61912e3f4ddd365bf7f39128362bc50cbd74a634d5"},
    {file = "mypy-1.1.1-cp37-cp37m-manylinux_2_17_x86_64.manylinux2014_x86_64.whl", hash = "sha256:c1c10fa12df1232c936830839e2e935d090fc9ee315744ac33b8a32216b93707"},
    {file = "mypy-1.1.1-cp37-cp37m-musllinux_1_1_x86_64.whl", hash = "sha256:0a28a76785bf57655a8ea5eb0540a15b0e781c807b5aa798bd463779988fa1d5"},
    {file = "mypy-1.1.1-cp37-cp37m-win_amd64.whl", hash = "sha256:ef6a01e563ec6a4940784c574d33f6ac1943864634517984471642908b30b6f7"},
    {file = "mypy-1.1.1-cp38-cp38-macosx_10_9_x86_64.whl", hash = "sha256:d64c28e03ce40d5303450f547e07418c64c241669ab20610f273c9e6290b4b0b"},
    {file = "mypy-1.1.1-cp38-cp38-macosx_11_0_arm64.whl", hash = "sha256:64cc3afb3e9e71a79d06e3ed24bb508a6d66f782aff7e56f628bf35ba2e0ba51"},
    {file = "mypy-1.1.1-cp38-cp38-manylinux_2_17_x86_64.manylinux2014_x86_64.whl", hash = "sha256:ce61663faf7a8e5ec6f456857bfbcec2901fbdb3ad958b778403f63b9e606a1b"},
    {file = "mypy-1.1.1-cp38-cp38-musllinux_1_1_x86_64.whl", hash = "sha256:2b0c373d071593deefbcdd87ec8db91ea13bd8f1328d44947e88beae21e8d5e9"},
    {file = "mypy-1.1.1-cp38-cp38-win_amd64.whl", hash = "sha256:2888ce4fe5aae5a673386fa232473014056967f3904f5abfcf6367b5af1f612a"},
    {file = "mypy-1.1.1-cp39-cp39-macosx_10_9_x86_64.whl", hash = "sha256:19ba15f9627a5723e522d007fe708007bae52b93faab00f95d72f03e1afa9598"},
    {file = "mypy-1.1.1-cp39-cp39-macosx_11_0_arm64.whl", hash = "sha256:59bbd71e5c58eed2e992ce6523180e03c221dcd92b52f0e792f291d67b15a71c"},
    {file = "mypy-1.1.1-cp39-cp39-manylinux_2_17_x86_64.manylinux2014_x86_64.whl", hash = "sha256:9401e33814cec6aec8c03a9548e9385e0e228fc1b8b0a37b9ea21038e64cdd8a"},
    {file = "mypy-1.1.1-cp39-cp39-musllinux_1_1_x86_64.whl", hash = "sha256:4b398d8b1f4fba0e3c6463e02f8ad3346f71956b92287af22c9b12c3ec965a9f"},
    {file = "mypy-1.1.1-cp39-cp39-win_amd64.whl", hash = "sha256:69b35d1dcb5707382810765ed34da9db47e7f95b3528334a3c999b0c90fe523f"},
    {file = "mypy-1.1.1-py3-none-any.whl", hash = "sha256:4e4e8b362cdf99ba00c2b218036002bdcdf1e0de085cdb296a49df03fb31dfc4"},
    {file = "mypy-1.1.1.tar.gz", hash = "sha256:ae9ceae0f5b9059f33dbc62dea087e942c0ccab4b7a003719cb70f9b8abfa32f"},
]

[package.dependencies]
mypy-extensions = ">=1.0.0"
tomli = {version = ">=1.1.0", markers = "python_version < \"3.11\""}
typed-ast = {version = ">=1.4.0,<2", markers = "python_version < \"3.8\""}
typing-extensions = ">=3.10"

[package.extras]
dmypy = ["psutil (>=4.0)"]
install-types = ["pip"]
python2 = ["typed-ast (>=1.4.0,<2)"]
reports = ["lxml"]

[[package]]
name = "mypy-extensions"
version = "1.0.0"
description = "Type system extensions for programs checked with the mypy type checker."
optional = false
python-versions = ">=3.5"
files = [
    {file = "mypy_extensions-1.0.0-py3-none-any.whl", hash = "sha256:4392f6c0eb8a5668a69e23d168ffa70f0be9ccfd32b5cc2d26a34ae5b844552d"},
    {file = "mypy_extensions-1.0.0.tar.gz", hash = "sha256:75dbf8955dc00442a438fc4d0666508a9a97b6bd41aa2f0ffe9d2f2725af0782"},
]

[[package]]
name = "pydantic"
version = "1.10.9"
description = "Data validation and settings management using python type hints"
optional = false
python-versions = ">=3.7"
files = [
    {file = "pydantic-1.10.9-cp310-cp310-macosx_10_9_x86_64.whl", hash = "sha256:e692dec4a40bfb40ca530e07805b1208c1de071a18d26af4a2a0d79015b352ca"},
    {file = "pydantic-1.10.9-cp310-cp310-macosx_11_0_arm64.whl", hash = "sha256:3c52eb595db83e189419bf337b59154bdcca642ee4b2a09e5d7797e41ace783f"},
    {file = "pydantic-1.10.9-cp310-cp310-manylinux_2_17_x86_64.manylinux2014_x86_64.whl", hash = "sha256:939328fd539b8d0edf244327398a667b6b140afd3bf7e347cf9813c736211896"},
    {file = "pydantic-1.10.9-cp310-cp310-manylinux_2_5_i686.manylinux1_i686.manylinux_2_17_i686.manylinux2014_i686.whl", hash = "sha256:b48d3d634bca23b172f47f2335c617d3fcb4b3ba18481c96b7943a4c634f5c8d"},
    {file = "pydantic-1.10.9-cp310-cp310-musllinux_1_1_i686.whl", hash = "sha256:f0b7628fb8efe60fe66fd4adadd7ad2304014770cdc1f4934db41fe46cc8825f"},
    {file = "pydantic-1.10.9-cp310-cp310-musllinux_1_1_x86_64.whl", hash = "sha256:e1aa5c2410769ca28aa9a7841b80d9d9a1c5f223928ca8bec7e7c9a34d26b1d4"},
    {file = "pydantic-1.10.9-cp310-cp310-win_amd64.whl", hash = "sha256:eec39224b2b2e861259d6f3c8b6290d4e0fbdce147adb797484a42278a1a486f"},
    {file = "pydantic-1.10.9-cp311-cp311-macosx_10_9_x86_64.whl", hash = "sha256:d111a21bbbfd85c17248130deac02bbd9b5e20b303338e0dbe0faa78330e37e0"},
    {file = "pydantic-1.10.9-cp311-cp311-macosx_11_0_arm64.whl", hash = "sha256:2e9aec8627a1a6823fc62fb96480abe3eb10168fd0d859ee3d3b395105ae19a7"},
    {file = "pydantic-1.10.9-cp311-cp311-manylinux_2_17_x86_64.manylinux2014_x86_64.whl", hash = "sha256:07293ab08e7b4d3c9d7de4949a0ea571f11e4557d19ea24dd3ae0c524c0c334d"},
    {file = "pydantic-1.10.9-cp311-cp311-manylinux_2_5_i686.manylinux1_i686.manylinux_2_17_i686.manylinux2014_i686.whl", hash = "sha256:7ee829b86ce984261d99ff2fd6e88f2230068d96c2a582f29583ed602ef3fc2c"},
    {file = "pydantic-1.10.9-cp311-cp311-musllinux_1_1_i686.whl", hash = "sha256:4b466a23009ff5cdd7076eb56aca537c745ca491293cc38e72bf1e0e00de5b91"},
    {file = "pydantic-1.10.9-cp311-cp311-musllinux_1_1_x86_64.whl", hash = "sha256:7847ca62e581e6088d9000f3c497267868ca2fa89432714e21a4fb33a04d52e8"},
    {file = "pydantic-1.10.9-cp311-cp311-win_amd64.whl", hash = "sha256:7845b31959468bc5b78d7b95ec52fe5be32b55d0d09983a877cca6aedc51068f"},
    {file = "pydantic-1.10.9-cp37-cp37m-macosx_10_9_x86_64.whl", hash = "sha256:517a681919bf880ce1dac7e5bc0c3af1e58ba118fd774da2ffcd93c5f96eaece"},
    {file = "pydantic-1.10.9-cp37-cp37m-manylinux_2_17_x86_64.manylinux2014_x86_64.whl", hash = "sha256:67195274fd27780f15c4c372f4ba9a5c02dad6d50647b917b6a92bf00b3d301a"},
    {file = "pydantic-1.10.9-cp37-cp37m-manylinux_2_5_i686.manylinux1_i686.manylinux_2_17_i686.manylinux2014_i686.whl", hash = "sha256:2196c06484da2b3fded1ab6dbe182bdabeb09f6318b7fdc412609ee2b564c49a"},
    {file = "pydantic-1.10.9-cp37-cp37m-musllinux_1_1_i686.whl", hash = "sha256:6257bb45ad78abacda13f15bde5886efd6bf549dd71085e64b8dcf9919c38b60"},
    {file = "pydantic-1.10.9-cp37-cp37m-musllinux_1_1_x86_64.whl", hash = "sha256:3283b574b01e8dbc982080d8287c968489d25329a463b29a90d4157de4f2baaf"},
    {file = "pydantic-1.10.9-cp37-cp37m-win_amd64.whl", hash = "sha256:5f8bbaf4013b9a50e8100333cc4e3fa2f81214033e05ac5aa44fa24a98670a29"},
    {file = "pydantic-1.10.9-cp38-cp38-macosx_10_9_x86_64.whl", hash = "sha256:b9cd67fb763248cbe38f0593cd8611bfe4b8ad82acb3bdf2b0898c23415a1f82"},
    {file = "pydantic-1.10.9-cp38-cp38-macosx_11_0_arm64.whl", hash = "sha256:f50e1764ce9353be67267e7fd0da08349397c7db17a562ad036aa7c8f4adfdb6"},
    {file = "pydantic-1.10.9-cp38-cp38-manylinux_2_17_x86_64.manylinux2014_x86_64.whl", hash = "sha256:73ef93e5e1d3c8e83f1ff2e7fdd026d9e063c7e089394869a6e2985696693766"},
    {file = "pydantic-1.10.9-cp38-cp38-manylinux_2_5_i686.manylinux1_i686.manylinux_2_17_i686.manylinux2014_i686.whl", hash = "sha256:128d9453d92e6e81e881dd7e2484e08d8b164da5507f62d06ceecf84bf2e21d3"},
    {file = "pydantic-1.10.9-cp38-cp38-musllinux_1_1_i686.whl", hash = "sha256:ad428e92ab68798d9326bb3e5515bc927444a3d71a93b4a2ca02a8a5d795c572"},
    {file = "pydantic-1.10.9-cp38-cp38-musllinux_1_1_x86_64.whl", hash = "sha256:fab81a92f42d6d525dd47ced310b0c3e10c416bbfae5d59523e63ea22f82b31e"},
    {file = "pydantic-1.10.9-cp38-cp38-win_amd64.whl", hash = "sha256:963671eda0b6ba6926d8fc759e3e10335e1dc1b71ff2a43ed2efd6996634dafb"},
    {file = "pydantic-1.10.9-cp39-cp39-macosx_10_9_x86_64.whl", hash = "sha256:970b1bdc6243ef663ba5c7e36ac9ab1f2bfecb8ad297c9824b542d41a750b298"},
    {file = "pydantic-1.10.9-cp39-cp39-macosx_11_0_arm64.whl", hash = "sha256:7e1d5290044f620f80cf1c969c542a5468f3656de47b41aa78100c5baa2b8276"},
    {file = "pydantic-1.10.9-cp39-cp39-manylinux_2_17_x86_64.manylinux2014_x86_64.whl", hash = "sha256:83fcff3c7df7adff880622a98022626f4f6dbce6639a88a15a3ce0f96466cb60"},
    {file = "pydantic-1.10.9-cp39-cp39-manylinux_2_5_i686.manylinux1_i686.manylinux_2_17_i686.manylinux2014_i686.whl", hash = "sha256:0da48717dc9495d3a8f215e0d012599db6b8092db02acac5e0d58a65248ec5bc"},
    {file = "pydantic-1.10.9-cp39-cp39-musllinux_1_1_i686.whl", hash = "sha256:0a2aabdc73c2a5960e87c3ffebca6ccde88665616d1fd6d3db3178ef427b267a"},
    {file = "pydantic-1.10.9-cp39-cp39-musllinux_1_1_x86_64.whl", hash = "sha256:9863b9420d99dfa9c064042304868e8ba08e89081428a1c471858aa2af6f57c4"},
    {file = "pydantic-1.10.9-cp39-cp39-win_amd64.whl", hash = "sha256:e7c9900b43ac14110efa977be3da28931ffc74c27e96ee89fbcaaf0b0fe338e1"},
    {file = "pydantic-1.10.9-py3-none-any.whl", hash = "sha256:6cafde02f6699ce4ff643417d1a9223716ec25e228ddc3b436fe7e2d25a1f305"},
    {file = "pydantic-1.10.9.tar.gz", hash = "sha256:95c70da2cd3b6ddf3b9645ecaa8d98f3d80c606624b6d245558d202cd23ea3be"},
]

[package.dependencies]
typing-extensions = ">=4.2.0"

[package.extras]
dotenv = ["python-dotenv (>=0.10.4)"]
email = ["email-validator (>=1.0.3)"]

[[package]]
name = "ruff"
version = "0.1.7"
description = "An extremely fast Python linter and code formatter, written in Rust."
optional = false
python-versions = ">=3.7"
files = [
    {file = "ruff-0.1.7-py3-none-macosx_10_12_x86_64.macosx_11_0_arm64.macosx_10_12_universal2.whl", hash = "sha256:7f80496854fdc65b6659c271d2c26e90d4d401e6a4a31908e7e334fab4645aac"},
    {file = "ruff-0.1.7-py3-none-macosx_10_12_x86_64.whl", hash = "sha256:1ea109bdb23c2a4413f397ebd8ac32cb498bee234d4191ae1a310af760e5d287"},
    {file = "ruff-0.1.7-py3-none-manylinux_2_17_aarch64.manylinux2014_aarch64.whl", hash = "sha256:8b0c2de9dd9daf5e07624c24add25c3a490dbf74b0e9bca4145c632457b3b42a"},
    {file = "ruff-0.1.7-py3-none-manylinux_2_17_armv7l.manylinux2014_armv7l.whl", hash = "sha256:69a4bed13bc1d5dabf3902522b5a2aadfebe28226c6269694283c3b0cecb45fd"},
    {file = "ruff-0.1.7-py3-none-manylinux_2_17_i686.manylinux2014_i686.whl", hash = "sha256:de02ca331f2143195a712983a57137c5ec0f10acc4aa81f7c1f86519e52b92a1"},
    {file = "ruff-0.1.7-py3-none-manylinux_2_17_ppc64.manylinux2014_ppc64.whl", hash = "sha256:45b38c3f8788a65e6a2cab02e0f7adfa88872696839d9882c13b7e2f35d64c5f"},
    {file = "ruff-0.1.7-py3-none-manylinux_2_17_ppc64le.manylinux2014_ppc64le.whl", hash = "sha256:6c64cb67b2025b1ac6d58e5ffca8f7b3f7fd921f35e78198411237e4f0db8e73"},
    {file = "ruff-0.1.7-py3-none-manylinux_2_17_s390x.manylinux2014_s390x.whl", hash = "sha256:9dcc6bb2f4df59cb5b4b40ff14be7d57012179d69c6565c1da0d1f013d29951b"},
    {file = "ruff-0.1.7-py3-none-manylinux_2_17_x86_64.manylinux2014_x86_64.whl", hash = "sha256:df2bb4bb6bbe921f6b4f5b6fdd8d8468c940731cb9406f274ae8c5ed7a78c478"},
    {file = "ruff-0.1.7-py3-none-musllinux_1_2_aarch64.whl", hash = "sha256:276a89bcb149b3d8c1b11d91aa81898fe698900ed553a08129b38d9d6570e717"},
    {file = "ruff-0.1.7-py3-none-musllinux_1_2_armv7l.whl", hash = "sha256:90c958fe950735041f1c80d21b42184f1072cc3975d05e736e8d66fc377119ea"},
    {file = "ruff-0.1.7-py3-none-musllinux_1_2_i686.whl", hash = "sha256:6b05e3b123f93bb4146a761b7a7d57af8cb7384ccb2502d29d736eaade0db519"},
    {file = "ruff-0.1.7-py3-none-musllinux_1_2_x86_64.whl", hash = "sha256:290ecab680dce94affebefe0bbca2322a6277e83d4f29234627e0f8f6b4fa9ce"},
    {file = "ruff-0.1.7-py3-none-win32.whl", hash = "sha256:416dfd0bd45d1a2baa3b1b07b1b9758e7d993c256d3e51dc6e03a5e7901c7d80"},
    {file = "ruff-0.1.7-py3-none-win_amd64.whl", hash = "sha256:4af95fd1d3b001fc41325064336db36e3d27d2004cdb6d21fd617d45a172dd96"},
    {file = "ruff-0.1.7-py3-none-win_arm64.whl", hash = "sha256:0683b7bfbb95e6df3c7c04fe9d78f631f8e8ba4868dfc932d43d690698057e2e"},
    {file = "ruff-0.1.7.tar.gz", hash = "sha256:dffd699d07abf54833e5f6cc50b85a6ff043715da8788c4a79bcd4ab4734d306"},
]

[[package]]
name = "tomli"
version = "2.0.1"
description = "A lil' TOML parser"
optional = false
python-versions = ">=3.7"
files = [
    {file = "tomli-2.0.1-py3-none-any.whl", hash = "sha256:939de3e7a6161af0c887ef91b7d41a53e7c5a1ca976325f429cb46ea9bc30ecc"},
    {file = "tomli-2.0.1.tar.gz", hash = "sha256:de526c12914f0c550d15924c62d72abc48d6fe7364aa87328337a31007fe8a4f"},
]

[[package]]
name = "typed-ast"
version = "1.5.5"
description = "a fork of Python 2 and 3 ast modules with type comment support"
optional = false
python-versions = ">=3.6"
files = [
    {file = "typed_ast-1.5.5-cp310-cp310-macosx_10_9_x86_64.whl", hash = "sha256:4bc1efe0ce3ffb74784e06460f01a223ac1f6ab31c6bc0376a21184bf5aabe3b"},
    {file = "typed_ast-1.5.5-cp310-cp310-macosx_11_0_arm64.whl", hash = "sha256:5f7a8c46a8b333f71abd61d7ab9255440d4a588f34a21f126bbfc95f6049e686"},
    {file = "typed_ast-1.5.5-cp310-cp310-manylinux_2_17_aarch64.manylinux2014_aarch64.whl", hash = "sha256:597fc66b4162f959ee6a96b978c0435bd63791e31e4f410622d19f1686d5e769"},
    {file = "typed_ast-1.5.5-cp310-cp310-manylinux_2_17_x86_64.manylinux2014_x86_64.whl", hash = "sha256:d41b7a686ce653e06c2609075d397ebd5b969d821b9797d029fccd71fdec8e04"},
    {file = "typed_ast-1.5.5-cp310-cp310-musllinux_1_1_aarch64.whl", hash = "sha256:5fe83a9a44c4ce67c796a1b466c270c1272e176603d5e06f6afbc101a572859d"},
    {file = "typed_ast-1.5.5-cp310-cp310-musllinux_1_1_x86_64.whl", hash = "sha256:d5c0c112a74c0e5db2c75882a0adf3133adedcdbfd8cf7c9d6ed77365ab90a1d"},
    {file = "typed_ast-1.5.5-cp310-cp310-win_amd64.whl", hash = "sha256:e1a976ed4cc2d71bb073e1b2a250892a6e968ff02aa14c1f40eba4f365ffec02"},
    {file = "typed_ast-1.5.5-cp311-cp311-macosx_10_9_x86_64.whl", hash = "sha256:c631da9710271cb67b08bd3f3813b7af7f4c69c319b75475436fcab8c3d21bee"},
    {file = "typed_ast-1.5.5-cp311-cp311-macosx_11_0_arm64.whl", hash = "sha256:b445c2abfecab89a932b20bd8261488d574591173d07827c1eda32c457358b18"},
    {file = "typed_ast-1.5.5-cp311-cp311-manylinux_2_17_aarch64.manylinux2014_aarch64.whl", hash = "sha256:cc95ffaaab2be3b25eb938779e43f513e0e538a84dd14a5d844b8f2932593d88"},
    {file = "typed_ast-1.5.5-cp311-cp311-manylinux_2_17_x86_64.manylinux2014_x86_64.whl", hash = "sha256:61443214d9b4c660dcf4b5307f15c12cb30bdfe9588ce6158f4a005baeb167b2"},
    {file = "typed_ast-1.5.5-cp311-cp311-musllinux_1_1_aarch64.whl", hash = "sha256:6eb936d107e4d474940469e8ec5b380c9b329b5f08b78282d46baeebd3692dc9"},
    {file = "typed_ast-1.5.5-cp311-cp311-musllinux_1_1_x86_64.whl", hash = "sha256:e48bf27022897577d8479eaed64701ecaf0467182448bd95759883300ca818c8"},
    {file = "typed_ast-1.5.5-cp311-cp311-win_amd64.whl", hash = "sha256:83509f9324011c9a39faaef0922c6f720f9623afe3fe220b6d0b15638247206b"},
    {file = "typed_ast-1.5.5-cp36-cp36m-macosx_10_9_x86_64.whl", hash = "sha256:44f214394fc1af23ca6d4e9e744804d890045d1643dd7e8229951e0ef39429b5"},
    {file = "typed_ast-1.5.5-cp36-cp36m-manylinux_2_17_aarch64.manylinux2014_aarch64.whl", hash = "sha256:118c1ce46ce58fda78503eae14b7664163aa735b620b64b5b725453696f2a35c"},
    {file = "typed_ast-1.5.5-cp36-cp36m-manylinux_2_17_x86_64.manylinux2014_x86_64.whl", hash = "sha256:be4919b808efa61101456e87f2d4c75b228f4e52618621c77f1ddcaae15904fa"},
    {file = "typed_ast-1.5.5-cp36-cp36m-musllinux_1_1_aarch64.whl", hash = "sha256:fc2b8c4e1bc5cd96c1a823a885e6b158f8451cf6f5530e1829390b4d27d0807f"},
    {file = "typed_ast-1.5.5-cp36-cp36m-musllinux_1_1_x86_64.whl", hash = "sha256:16f7313e0a08c7de57f2998c85e2a69a642e97cb32f87eb65fbfe88381a5e44d"},
    {file = "typed_ast-1.5.5-cp36-cp36m-win_amd64.whl", hash = "sha256:2b946ef8c04f77230489f75b4b5a4a6f24c078be4aed241cfabe9cbf4156e7e5"},
    {file = "typed_ast-1.5.5-cp37-cp37m-macosx_10_9_x86_64.whl", hash = "sha256:2188bc33d85951ea4ddad55d2b35598b2709d122c11c75cffd529fbc9965508e"},
    {file = "typed_ast-1.5.5-cp37-cp37m-manylinux_2_17_aarch64.manylinux2014_aarch64.whl", hash = "sha256:0635900d16ae133cab3b26c607586131269f88266954eb04ec31535c9a12ef1e"},
    {file = "typed_ast-1.5.5-cp37-cp37m-manylinux_2_17_x86_64.manylinux2014_x86_64.whl", hash = "sha256:57bfc3cf35a0f2fdf0a88a3044aafaec1d2f24d8ae8cd87c4f58d615fb5b6311"},
    {file = "typed_ast-1.5.5-cp37-cp37m-musllinux_1_1_aarch64.whl", hash = "sha256:fe58ef6a764de7b4b36edfc8592641f56e69b7163bba9f9c8089838ee596bfb2"},
    {file = "typed_ast-1.5.5-cp37-cp37m-musllinux_1_1_x86_64.whl", hash = "sha256:d09d930c2d1d621f717bb217bf1fe2584616febb5138d9b3e8cdd26506c3f6d4"},
    {file = "typed_ast-1.5.5-cp37-cp37m-win_amd64.whl", hash = "sha256:d40c10326893ecab8a80a53039164a224984339b2c32a6baf55ecbd5b1df6431"},
    {file = "typed_ast-1.5.5-cp38-cp38-macosx_10_9_x86_64.whl", hash = "sha256:fd946abf3c31fb50eee07451a6aedbfff912fcd13cf357363f5b4e834cc5e71a"},
    {file = "typed_ast-1.5.5-cp38-cp38-macosx_11_0_arm64.whl", hash = "sha256:ed4a1a42df8a3dfb6b40c3d2de109e935949f2f66b19703eafade03173f8f437"},
    {file = "typed_ast-1.5.5-cp38-cp38-manylinux_2_17_aarch64.manylinux2014_aarch64.whl", hash = "sha256:045f9930a1550d9352464e5149710d56a2aed23a2ffe78946478f7b5416f1ede"},
    {file = "typed_ast-1.5.5-cp38-cp38-manylinux_2_17_x86_64.manylinux2014_x86_64.whl", hash = "sha256:381eed9c95484ceef5ced626355fdc0765ab51d8553fec08661dce654a935db4"},
    {file = "typed_ast-1.5.5-cp38-cp38-musllinux_1_1_aarch64.whl", hash = "sha256:bfd39a41c0ef6f31684daff53befddae608f9daf6957140228a08e51f312d7e6"},
    {file = "typed_ast-1.5.5-cp38-cp38-musllinux_1_1_x86_64.whl", hash = "sha256:8c524eb3024edcc04e288db9541fe1f438f82d281e591c548903d5b77ad1ddd4"},
    {file = "typed_ast-1.5.5-cp38-cp38-win_amd64.whl", hash = "sha256:7f58fabdde8dcbe764cef5e1a7fcb440f2463c1bbbec1cf2a86ca7bc1f95184b"},
    {file = "typed_ast-1.5.5-cp39-cp39-macosx_10_9_x86_64.whl", hash = "sha256:042eb665ff6bf020dd2243307d11ed626306b82812aba21836096d229fdc6a10"},
    {file = "typed_ast-1.5.5-cp39-cp39-macosx_11_0_arm64.whl", hash = "sha256:622e4a006472b05cf6ef7f9f2636edc51bda670b7bbffa18d26b255269d3d814"},
    {file = "typed_ast-1.5.5-cp39-cp39-manylinux_2_17_aarch64.manylinux2014_aarch64.whl", hash = "sha256:1efebbbf4604ad1283e963e8915daa240cb4bf5067053cf2f0baadc4d4fb51b8"},
    {file = "typed_ast-1.5.5-cp39-cp39-manylinux_2_17_x86_64.manylinux2014_x86_64.whl", hash = "sha256:f0aefdd66f1784c58f65b502b6cf8b121544680456d1cebbd300c2c813899274"},
    {file = "typed_ast-1.5.5-cp39-cp39-musllinux_1_1_aarch64.whl", hash = "sha256:48074261a842acf825af1968cd912f6f21357316080ebaca5f19abbb11690c8a"},
    {file = "typed_ast-1.5.5-cp39-cp39-musllinux_1_1_x86_64.whl", hash = "sha256:429ae404f69dc94b9361bb62291885894b7c6fb4640d561179548c849f8492ba"},
    {file = "typed_ast-1.5.5-cp39-cp39-win_amd64.whl", hash = "sha256:335f22ccb244da2b5c296e6f96b06ee9bed46526db0de38d2f0e5a6597b81155"},
    {file = "typed_ast-1.5.5.tar.gz", hash = "sha256:94282f7a354f36ef5dbce0ef3467ebf6a258e370ab33d5b40c249fa996e590dd"},
]

[[package]]
name = "typing-extensions"
version = "4.7.1"
description = "Backported and Experimental Type Hints for Python 3.7+"
optional = false
python-versions = ">=3.7"
files = [
    {file = "typing_extensions-4.7.1-py3-none-any.whl", hash = "sha256:440d5dd3af93b060174bf433bccd69b0babc3b15b1a8dca43789fd7f61514b36"},
    {file = "typing_extensions-4.7.1.tar.gz", hash = "sha256:b75ddc264f0ba5615db7ba217daeb99701ad295353c45f9e95963337ceeeffb2"},
]

[metadata]
lock-version = "2.0"
python-versions = "^3.7"
content-hash = "05a57d0f2aaf1273cc92f1eee1c59ca7d0ab6815db0bdab055c0103e10a0ad20"
